
Microsoft Visual Studio Solution File, Format Version 12.00
# Visual Studio Version 17
VisualStudioVersion = 17.2.32317.152
MinimumVisualStudioVersion = 10.0.40219.1
Project("{9A19103F-16F7-4668-BE54-9A1E7A4F7556}") = "BlazorBarcodeToolkit", "BlazorBarcodeToolkit\BlazorBarcodeToolkit.csproj", "{D541437C-6EE0-4310-A63F-24C840CBCF90}"
EndProject
Project("{FAE04EC0-301F-11D3-BF4B-00C04F79EFBC}") = "BlazorSSR", "BlazorSSR\BlazorSSR.csproj", "{B34EA9BB-E83F-416F-A839-01DEFCE8C370}"
EndProject
Global
	GlobalSection(SolutionConfigurationPlatforms) = preSolution
		Debug|Any CPU = Debug|Any CPU
		Release|Any CPU = Release|Any CPU
	EndGlobalSection
	GlobalSection(ProjectConfigurationPlatforms) = postSolution
		{D541437C-6EE0-4310-A63F-24C840CBCF90}.Debug|Any CPU.ActiveCfg = Debug|Any CPU
		{D541437C-6EE0-4310-A63F-24C840CBCF90}.Debug|Any CPU.Build.0 = Debug|Any CPU
		{D541437C-6EE0-4310-A63F-24C840CBCF90}.Release|Any CPU.ActiveCfg = Release|Any CPU
		{D541437C-6EE0-4310-A63F-24C840CBCF90}.Release|Any CPU.Build.0 = Release|Any CPU
		{B34EA9BB-E83F-416F-A839-01DEFCE8C370}.Debug|Any CPU.ActiveCfg = Debug|Any CPU
		{B34EA9BB-E83F-416F-A839-01DEFCE8C370}.Debug|Any CPU.Build.0 = Debug|Any CPU
		{B34EA9BB-E83F-416F-A839-01DEFCE8C370}.Release|Any CPU.ActiveCfg = Release|Any CPU
		{B34EA9BB-E83F-416F-A839-01DEFCE8C370}.Release|Any CPU.Build.0 = Release|Any CPU
	EndGlobalSection
	GlobalSection(SolutionProperties) = preSolution
		HideSolutionNode = FALSE
	EndGlobalSection
	GlobalSection(ExtensibilityGlobals) = postSolution
		SolutionGuid = {BD691F2C-8916-4A7B-936F-30FE93CA6D76}
	EndGlobalSection
EndGlobal
